
Microsoft Visual Studio Solution File, Format Version 12.00
# Visual Studio 2013
VisualStudioVersion = 12.0.40629.0
MinimumVisualStudioVersion = 10.0.40219.1
Project("{FAE04EC0-301F-11D3-BF4B-00C04F79EFBC}") = "Suncrest.ShippingServices", "Suncrest.ShippingServices\Suncrest.ShippingServices.csproj", "{866A2C40-B14C-43B5-8780-0200D3E34C0C}"
EndProject
Project("{FAE04EC0-301F-11D3-BF4B-00C04F79EFBC}") = "Suncrest.ShippingServices.Tests", "Suncrest.ShippingServices.Tests\Suncrest.ShippingServices.Tests.csproj", "{4DF60244-E812-476D-9FD9-B50173B0E226}"
EndProject
Global
	GlobalSection(SolutionConfigurationPlatforms) = preSolution
		Debug|Any CPU = Debug|Any CPU
		Release|Any CPU = Release|Any CPU
	EndGlobalSection
	GlobalSection(ProjectConfigurationPlatforms) = postSolution
		{866A2C40-B14C-43B5-8780-0200D3E34C0C}.Debug|Any CPU.ActiveCfg = Debug|Any CPU
		{866A2C40-B14C-43B5-8780-0200D3E34C0C}.Debug|Any CPU.Build.0 = Debug|Any CPU
		{866A2C40-B14C-43B5-8780-0200D3E34C0C}.Release|Any CPU.ActiveCfg = Release|Any CPU
		{866A2C40-B14C-43B5-8780-0200D3E34C0C}.Release|Any CPU.Build.0 = Release|Any CPU
		{4DF60244-E812-476D-9FD9-B50173B0E226}.Debug|Any CPU.ActiveCfg = Debug|Any CPU
		{4DF60244-E812-476D-9FD9-B50173B0E226}.Debug|Any CPU.Build.0 = Debug|Any CPU
		{4DF60244-E812-476D-9FD9-B50173B0E226}.Release|Any CPU.ActiveCfg = Release|Any CPU
		{4DF60244-E812-476D-9FD9-B50173B0E226}.Release|Any CPU.Build.0 = Release|Any CPU
	EndGlobalSection
	GlobalSection(SolutionProperties) = preSolution
		HideSolutionNode = FALSE
	EndGlobalSection
EndGlobal
